<Solution>
  <Folder Name="/Task0/">
    <Project Path="Tyuiu.KotlovaEA.Sprint0.Task0.V1/Tyuiu.KotlovaEA.Sprint0.Task0.V1.csproj" />
  </Folder>
  <Folder Name="/Task1/">
    <Project Path="Tyuiu.KotlovaEA.Sprint0.Task1.V1/Tyuiu.KotlovaEA.Sprint0.Task1.V1.csproj" Id="9472c361-5004-41a3-a080-020cf6238771" />
  </Folder>
  <Folder Name="/Task2/">
    <Project Path="Tyuiu.KotlovaEA.Sprint0.Task2.V1.Lib/Tyuiu.KotlovaEA.Sprint0.Task2.V1.Lib.csproj" Id="a45042ec-2c34-4b70-997e-f47ed4e61022" />
    <Project Path="Tyuiu.KotlovaEA.Sprint0.Task2.V1.Test/Tyuiu.KotlovaEA.Sprint0.Task2.V1.Test.csproj" Id="e327b63e-edb3-4b2a-b814-589fc4400c64" />
    <Project Path="Tyuiu.KotlovaEA.Sprint0.Task2.V1/Tyuiu.KotlovaEA.Sprint0.Task2.V1.csproj" Id="8e48012f-428c-4049-8567-ad1898f9ac1d" />
  </Folder>
  <Folder Name="/Task3/">
    <Project Path="Tyuiu.KotlovaEA.Sprint0.Task3.V1.Lib/Tyuiu.KotlovaEA.Sprint0.Task3.V1.Lib.csproj" Id="bc61d60f-ebab-4b8f-8114-0425ff8eacaf" />
    <Project Path="Tyuiu.KotlovaEA.Sprint0.Task3.V1.Test/Tyuiu.KotlovaEA.Sprint0.Task3.V1.Test.csproj" Id="5cc4ceee-d82c-4834-b501-6fc3821b325d" />
    <Project Path="Tyuiu.KotlovaEA.Sprint0.Task3.V1/Tyuiu.KotlovaEA.Sprint0.Task3.V1.csproj" Id="bfe8fc71-e22f-4c61-bd30-914f65a763bb" />
  </Folder>
  <Folder Name="/Task4/">
    <Project Path="Tyuiu.KotlovaEA.Sprint0.Task4.V1.Lib/Tyuiu.KotlovaEA.Sprint0.Task4.V1.Lib.csproj" Id="649ac35e-cdbf-4f2e-88c2-16b816213aa6" />
    <Project Path="Tyuiu.KotlovaEA.Sprint0.Task4.V1.Test/Tyuiu.KotlovaEA.Sprint0.Task4.V1.Test.csproj" Id="f07cee2e-92b5-478d-bc25-1a39d8f0d010" />
    <Project Path="Tyuiu.KotlovaEA.Sprint0.Task4.V1/Tyuiu.KotlovaEA.Sprint0.Task4.V1.csproj" Id="77efd993-b6db-47a3-9f8f-9ac423e8f105" />
  </Folder>
  <Folder Name="/Task5/">
    <Project Path="Tyuiu.KotlovaEA.Sprint0.Task5.V1.Lib/Tyuiu.KotlovaEA.Sprint0.Task5.V1.Lib.csproj" Id="6e8a5033-a535-4c82-8da5-74faadcdfff1" />
    <Project Path="Tyuiu.KotlovaEA.Sprint0.Task5.V1.Test/Tyuiu.KotlovaEA.Sprint0.Task5.V1.Test.csproj" Id="f55b348d-8f0b-4e2e-b84e-1a67b9ecd208" />
    <Project Path="Tyuiu.KotlovaEA.Sprint0.Task5.V1/Tyuiu.KotlovaEA.Sprint0.Task5.V1.csproj" Id="bbce0fda-9f60-4d3d-81b7-fb73ef70a598" />
  </Folder>
</Solution>
